
Microsoft Visual Studio Solution File, Format Version 12.00
# Visual Studio Version 16
VisualStudioVersion = 16.0.31515.178
MinimumVisualStudioVersion = 10.0.40219.1
Project("{9A19103F-16F7-4668-BE54-9A1E7A4F7556}") = "MathematicalFormulaTest", "MathematicalFormulaTest\MathematicalFormulaTest.csproj", "{0E450BBF-D7AE-4067-B8C2-A1CD19D22560}"
EndProject
Project("{FAE04EC0-301F-11D3-BF4B-00C04F79EFBC}") = "MathematicalFormulaTest_Test", "MathematicalFormulaTest_Test\MathematicalFormulaTest_Test.csproj", "{7B6E0C9E-5D2C-4604-86D3-BC519B030C30}"
EndProject
Global
	GlobalSection(SolutionConfigurationPlatforms) = preSolution
		Debug|Any CPU = Debug|Any CPU
		Release|Any CPU = Release|Any CPU
	EndGlobalSection
	GlobalSection(ProjectConfigurationPlatforms) = postSolution
		{0E450BBF-D7AE-4067-B8C2-A1CD19D22560}.Debug|Any CPU.ActiveCfg = Debug|Any CPU
		{0E450BBF-D7AE-4067-B8C2-A1CD19D22560}.Debug|Any CPU.Build.0 = Debug|Any CPU
		{0E450BBF-D7AE-4067-B8C2-A1CD19D22560}.Release|Any CPU.ActiveCfg = Release|Any CPU
		{0E450BBF-D7AE-4067-B8C2-A1CD19D22560}.Release|Any CPU.Build.0 = Release|Any CPU
		{7B6E0C9E-5D2C-4604-86D3-BC519B030C30}.Debug|Any CPU.ActiveCfg = Debug|Any CPU
		{7B6E0C9E-5D2C-4604-86D3-BC519B030C30}.Debug|Any CPU.Build.0 = Debug|Any CPU
		{7B6E0C9E-5D2C-4604-86D3-BC519B030C30}.Release|Any CPU.ActiveCfg = Release|Any CPU
		{7B6E0C9E-5D2C-4604-86D3-BC519B030C30}.Release|Any CPU.Build.0 = Release|Any CPU
	EndGlobalSection
	GlobalSection(SolutionProperties) = preSolution
		HideSolutionNode = FALSE
	EndGlobalSection
	GlobalSection(ExtensibilityGlobals) = postSolution
		SolutionGuid = {E41EE491-D446-46F0-A39D-ACDB3A1C7103}
	EndGlobalSection
EndGlobal
